
Microsoft Visual Studio Solution File, Format Version 12.00
# Visual Studio 2012
Project("{FAE04EC0-301F-11D3-BF4B-00C04F79EFBC}") = "Sleipner.Core", "Sleipner.Core\Sleipner.Core.csproj", "{A7F6CD6F-DF11-40B9-B4C3-1341FCE4AE4D}"
EndProject
Project("{FAE04EC0-301F-11D3-BF4B-00C04F79EFBC}") = "Sleipner.Core.Test", "Sleipner.Core.Test\Sleipner.Core.Test.csproj", "{2C4B73E8-D168-4DD5-B9B4-2A074A13602E}"
EndProject
Project("{FAE04EC0-301F-11D3-BF4B-00C04F79EFBC}") = "Sleipner.Cache", "Sleipner.Cache\Sleipner.Cache.csproj", "{B9381A2D-20E3-4EE5-9748-47E145550154}"
EndProject
Project("{FAE04EC0-301F-11D3-BF4B-00C04F79EFBC}") = "Sleipner.Cache.Test", "Sleipner.Cache.Test\Sleipner.Cache.Test.csproj", "{2B65D222-EE90-4023-B94D-B618B252B97B}"
EndProject
Project("{FAE04EC0-301F-11D3-BF4B-00C04F79EFBC}") = "Sleipner.Core.TestConsole", "Sleipner.Core.TestConsole\Sleipner.Core.TestConsole.csproj", "{538041F3-12C8-4154-9760-11B76AA668D9}"
EndProject
Project("{2150E333-8FDC-42A3-9474-1A3956D46DE8}") = "TestThings", "TestThings", "{23B79152-5788-434F-BD40-287E5390EB8D}"
EndProject
Project("{FAE04EC0-301F-11D3-BF4B-00C04F79EFBC}") = "SleipnerTestSite", "SleipnerTestSite\SleipnerTestSite.csproj", "{BD8B388E-75E3-43C4-B6A8-8961E696B708}"
EndProject
Project("{FAE04EC0-301F-11D3-BF4B-00C04F79EFBC}") = "SleipnerTestSite.Model", "SleipnerTestSite.Model\SleipnerTestSite.Model.csproj", "{A0DC63E0-582A-4525-9C10-291E08554E27}"
EndProject
Project("{FAE04EC0-301F-11D3-BF4B-00C04F79EFBC}") = "SleipnerTestSite.Service", "SleipnerTestSite.Service\SleipnerTestSite.Service.csproj", "{C5287969-F140-4D1E-B252-AC82CE9CE057}"
EndProject
Project("{FAE04EC0-301F-11D3-BF4B-00C04F79EFBC}") = "Sleipner.Cache.Memcached", "Sleipner.Cache.Memcached\Sleipner.Cache.Memcached.csproj", "{E573BC69-DB2F-45B2-84D3-41BC55547C65}"
EndProject
Project("{FAE04EC0-301F-11D3-BF4B-00C04F79EFBC}") = "Sleipner.Cache.Memcached.Test", "Sleipner.Cache.Memcached.Test\Sleipner.Cache.Memcached.Test.csproj", "{6EB1C016-1024-4573-9A94-188059D0B77E}"
EndProject
Global
	GlobalSection(SolutionConfigurationPlatforms) = preSolution
		Debug|Any CPU = Debug|Any CPU
		Release|Any CPU = Release|Any CPU
	EndGlobalSection
	GlobalSection(ProjectConfigurationPlatforms) = postSolution
		{A7F6CD6F-DF11-40B9-B4C3-1341FCE4AE4D}.Debug|Any CPU.ActiveCfg = Debug|Any CPU
		{A7F6CD6F-DF11-40B9-B4C3-1341FCE4AE4D}.Debug|Any CPU.Build.0 = Debug|Any CPU
		{A7F6CD6F-DF11-40B9-B4C3-1341FCE4AE4D}.Release|Any CPU.ActiveCfg = Release|Any CPU
		{A7F6CD6F-DF11-40B9-B4C3-1341FCE4AE4D}.Release|Any CPU.Build.0 = Release|Any CPU
		{2C4B73E8-D168-4DD5-B9B4-2A074A13602E}.Debug|Any CPU.ActiveCfg = Debug|Any CPU
		{2C4B73E8-D168-4DD5-B9B4-2A074A13602E}.Debug|Any CPU.Build.0 = Debug|Any CPU
		{2C4B73E8-D168-4DD5-B9B4-2A074A13602E}.Release|Any CPU.ActiveCfg = Release|Any CPU
		{2C4B73E8-D168-4DD5-B9B4-2A074A13602E}.Release|Any CPU.Build.0 = Release|Any CPU
		{B9381A2D-20E3-4EE5-9748-47E145550154}.Debug|Any CPU.ActiveCfg = Debug|Any CPU
		{B9381A2D-20E3-4EE5-9748-47E145550154}.Debug|Any CPU.Build.0 = Debug|Any CPU
		{B9381A2D-20E3-4EE5-9748-47E145550154}.Release|Any CPU.ActiveCfg = Release|Any CPU
		{B9381A2D-20E3-4EE5-9748-47E145550154}.Release|Any CPU.Build.0 = Release|Any CPU
		{2B65D222-EE90-4023-B94D-B618B252B97B}.Debug|Any CPU.ActiveCfg = Debug|Any CPU
		{2B65D222-EE90-4023-B94D-B618B252B97B}.Debug|Any CPU.Build.0 = Debug|Any CPU
		{2B65D222-EE90-4023-B94D-B618B252B97B}.Release|Any CPU.ActiveCfg = Release|Any CPU
		{2B65D222-EE90-4023-B94D-B618B252B97B}.Release|Any CPU.Build.0 = Release|Any CPU
		{538041F3-12C8-4154-9760-11B76AA668D9}.Debug|Any CPU.ActiveCfg = Debug|Any CPU
		{538041F3-12C8-4154-9760-11B76AA668D9}.Debug|Any CPU.Build.0 = Debug|Any CPU
		{538041F3-12C8-4154-9760-11B76AA668D9}.Release|Any CPU.ActiveCfg = Release|Any CPU
		{538041F3-12C8-4154-9760-11B76AA668D9}.Release|Any CPU.Build.0 = Release|Any CPU
		{BD8B388E-75E3-43C4-B6A8-8961E696B708}.Debug|Any CPU.ActiveCfg = Debug|Any CPU
		{BD8B388E-75E3-43C4-B6A8-8961E696B708}.Debug|Any CPU.Build.0 = Debug|Any CPU
		{BD8B388E-75E3-43C4-B6A8-8961E696B708}.Release|Any CPU.ActiveCfg = Release|Any CPU
		{BD8B388E-75E3-43C4-B6A8-8961E696B708}.Release|Any CPU.Build.0 = Release|Any CPU
		{A0DC63E0-582A-4525-9C10-291E08554E27}.Debug|Any CPU.ActiveCfg = Debug|Any CPU
		{A0DC63E0-582A-4525-9C10-291E08554E27}.Debug|Any CPU.Build.0 = Debug|Any CPU
		{A0DC63E0-582A-4525-9C10-291E08554E27}.Release|Any CPU.ActiveCfg = Release|Any CPU
		{A0DC63E0-582A-4525-9C10-291E08554E27}.Release|Any CPU.Build.0 = Release|Any CPU
		{C5287969-F140-4D1E-B252-AC82CE9CE057}.Debug|Any CPU.ActiveCfg = Debug|Any CPU
		{C5287969-F140-4D1E-B252-AC82CE9CE057}.Debug|Any CPU.Build.0 = Debug|Any CPU
		{C5287969-F140-4D1E-B252-AC82CE9CE057}.Release|Any CPU.ActiveCfg = Release|Any CPU
		{C5287969-F140-4D1E-B252-AC82CE9CE057}.Release|Any CPU.Build.0 = Release|Any CPU
		{E573BC69-DB2F-45B2-84D3-41BC55547C65}.Debug|Any CPU.ActiveCfg = Debug|Any CPU
		{E573BC69-DB2F-45B2-84D3-41BC55547C65}.Debug|Any CPU.Build.0 = Debug|Any CPU
		{E573BC69-DB2F-45B2-84D3-41BC55547C65}.Release|Any CPU.ActiveCfg = Release|Any CPU
		{E573BC69-DB2F-45B2-84D3-41BC55547C65}.Release|Any CPU.Build.0 = Release|Any CPU
		{6EB1C016-1024-4573-9A94-188059D0B77E}.Debug|Any CPU.ActiveCfg = Debug|Any CPU
		{6EB1C016-1024-4573-9A94-188059D0B77E}.Debug|Any CPU.Build.0 = Debug|Any CPU
		{6EB1C016-1024-4573-9A94-188059D0B77E}.Release|Any CPU.ActiveCfg = Release|Any CPU
		{6EB1C016-1024-4573-9A94-188059D0B77E}.Release|Any CPU.Build.0 = Release|Any CPU
	EndGlobalSection
	GlobalSection(SolutionProperties) = preSolution
		HideSolutionNode = FALSE
	EndGlobalSection
	GlobalSection(NestedProjects) = preSolution
		{538041F3-12C8-4154-9760-11B76AA668D9} = {23B79152-5788-434F-BD40-287E5390EB8D}
		{BD8B388E-75E3-43C4-B6A8-8961E696B708} = {23B79152-5788-434F-BD40-287E5390EB8D}
		{A0DC63E0-582A-4525-9C10-291E08554E27} = {23B79152-5788-434F-BD40-287E5390EB8D}
		{C5287969-F140-4D1E-B252-AC82CE9CE057} = {23B79152-5788-434F-BD40-287E5390EB8D}
	EndGlobalSection
EndGlobal
